version = 1
revision = 2
requires-python = ">=3.11"

[[package]]
name = "colorama"
version = "0.4.6"
source = { registry = "https://pypi.org/simple" }
sdist = { url = "https://files.pythonhosted.org/packages/d8/53/6f443c9a4a8358a93a6792e2acffb9d9d5cb0a5cfd8802644b7b1c9a02e4/colorama-0.4.6.tar.gz", hash = "sha256:08695f5cb7ed6e0531a20572697297273c47b8cae5a63ffc6d6ed5c201be6e44", size = 27697, upload_time = "2022-10-25T02:36:22.414Z" }
wheels = [
    { url = "https://files.pythonhosted.org/packages/d1/d6/3965ed04c63042e047cb6a3e6ed1a63a35087b6a609aa3a15ed8ac56c221/colorama-0.4.6-py2.py3-none-any.whl", hash = "sha256:4f1d9991f5acc0ca119f9d443620b77f9d6b33703e51011c16baf57afb285fc6", size = 25335, upload_time = "2022-10-25T02:36:20.889Z" },
]

[[package]]
name = "coverage"
version = "7.8.0"
source = { registry = "https://pypi.org/simple" }
sdist = { url = "https://files.pythonhosted.org/packages/19/4f/2251e65033ed2ce1e68f00f91a0294e0f80c80ae8c3ebbe2f12828c4cd53/coverage-7.8.0.tar.gz", hash = "sha256:7a3d62b3b03b4b6fd41a085f3574874cf946cb4604d2b4d3e8dca8cd570ca501", size = 811872, upload_time = "2025-03-30T20:36:45.376Z" }
wheels = [
    { url = "https://files.pythonhosted.org/packages/2b/77/074d201adb8383addae5784cb8e2dac60bb62bfdf28b2b10f3a3af2fda47/coverage-7.8.0-cp311-cp311-macosx_10_9_x86_64.whl", hash = "sha256:e7ac22a0bb2c7c49f441f7a6d46c9c80d96e56f5a8bc6972529ed43c8b694e27", size = 211493, upload_time = "2025-03-30T20:35:12.286Z" },
    { url = "https://files.pythonhosted.org/packages/a9/89/7a8efe585750fe59b48d09f871f0e0c028a7b10722b2172dfe021fa2fdd4/coverage-7.8.0-cp311-cp311-macosx_11_0_arm64.whl", hash = "sha256:bf13d564d310c156d1c8e53877baf2993fb3073b2fc9f69790ca6a732eb4bfea", size = 211921, upload_time = "2025-03-30T20:35:14.18Z" },
    { url = "https://files.pythonhosted.org/packages/e9/ef/96a90c31d08a3f40c49dbe897df4f1fd51fb6583821a1a1c5ee30cc8f680/coverage-7.8.0-cp311-cp311-manylinux_2_17_aarch64.manylinux2014_aarch64.whl", hash = "sha256:a5761c70c017c1b0d21b0815a920ffb94a670c8d5d409d9b38857874c21f70d7", size = 244556, upload_time = "2025-03-30T20:35:15.616Z" },
    { url = "https://files.pythonhosted.org/packages/89/97/dcd5c2ce72cee9d7b0ee8c89162c24972fb987a111b92d1a3d1d19100c61/coverage-7.8.0-cp311-cp311-manylinux_2_5_i686.manylinux1_i686.manylinux_2_17_i686.manylinux2014_i686.whl", hash = "sha256:e5ff52d790c7e1628241ffbcaeb33e07d14b007b6eb00a19320c7b8a7024c040", size = 242245, upload_time = "2025-03-30T20:35:18.648Z" },
    { url = "https://files.pythonhosted.org/packages/b2/7b/b63cbb44096141ed435843bbb251558c8e05cc835c8da31ca6ffb26d44c0/coverage-7.8.0-cp311-cp311-manylinux_2_5_x86_64.manylinux1_x86_64.manylinux_2_17_x86_64.manylinux2014_x86_64.whl", hash = "sha256:d39fc4817fd67b3915256af5dda75fd4ee10621a3d484524487e33416c6f3543", size = 244032, upload_time = "2025-03-30T20:35:20.131Z" },
    { url = "https://files.pythonhosted.org/packages/97/e3/7fa8c2c00a1ef530c2a42fa5df25a6971391f92739d83d67a4ee6dcf7a02/coverage-7.8.0-cp311-cp311-musllinux_1_2_aarch64.whl", hash = "sha256:b44674870709017e4b4036e3d0d6c17f06a0e6d4436422e0ad29b882c40697d2", size = 243679, upload_time = "2025-03-30T20:35:21.636Z" },
    { url = "https://files.pythonhosted.org/packages/4f/b3/e0a59d8df9150c8a0c0841d55d6568f0a9195692136c44f3d21f1842c8f6/coverage-7.8.0-cp311-cp311-musllinux_1_2_i686.whl", hash = "sha256:8f99eb72bf27cbb167b636eb1726f590c00e1ad375002230607a844d9e9a2318", size = 241852, upload_time = "2025-03-30T20:35:23.525Z" },
    { url = "https://files.pythonhosted.org/packages/9b/82/db347ccd57bcef150c173df2ade97976a8367a3be7160e303e43dd0c795f/coverage-7.8.0-cp311-cp311-musllinux_1_2_x86_64.whl", hash = "sha256:b571bf5341ba8c6bc02e0baeaf3b061ab993bf372d982ae509807e7f112554e9", size = 242389, upload_time = "2025-03-30T20:35:25.09Z" },
    { url = "https://files.pythonhosted.org/packages/21/f6/3f7d7879ceb03923195d9ff294456241ed05815281f5254bc16ef71d6a20/coverage-7.8.0-cp311-cp311-win32.whl", hash = "sha256:e75a2ad7b647fd8046d58c3132d7eaf31b12d8a53c0e4b21fa9c4d23d6ee6d3c", size = 213997, upload_time = "2025-03-30T20:35:26.914Z" },
    { url = "https://files.pythonhosted.org/packages/28/87/021189643e18ecf045dbe1e2071b2747901f229df302de01c998eeadf146/coverage-7.8.0-cp311-cp311-win_amd64.whl", hash = "sha256:3043ba1c88b2139126fc72cb48574b90e2e0546d4c78b5299317f61b7f718b78", size = 214911, upload_time = "2025-03-30T20:35:28.498Z" },
    { url = "https://files.pythonhosted.org/packages/aa/12/4792669473297f7973518bec373a955e267deb4339286f882439b8535b39/coverage-7.8.0-cp312-cp312-macosx_10_13_x86_64.whl", hash = "sha256:bbb5cc845a0292e0c520656d19d7ce40e18d0e19b22cb3e0409135a575bf79fc", size = 211684, upload_time = "2025-03-30T20:35:29.959Z" },
    { url = "https://files.pythonhosted.org/packages/be/e1/2a4ec273894000ebedd789e8f2fc3813fcaf486074f87fd1c5b2cb1c0a2b/coverage-7.8.0-cp312-cp312-macosx_11_0_arm64.whl", hash = "sha256:4dfd9a93db9e78666d178d4f08a5408aa3f2474ad4d0e0378ed5f2ef71640cb6", size = 211935, upload_time = "2025-03-30T20:35:31.912Z" },
    { url = "https://files.pythonhosted.org/packages/f8/3a/7b14f6e4372786709a361729164125f6b7caf4024ce02e596c4a69bccb89/coverage-7.8.0-cp312-cp312-manylinux_2_17_aarch64.manylinux2014_aarch64.whl", hash = "sha256:f017a61399f13aa6d1039f75cd467be388d157cd81f1a119b9d9a68ba6f2830d", size = 245994, upload_time = "2025-03-30T20:35:33.455Z" },
    { url = "https://files.pythonhosted.org/packages/54/80/039cc7f1f81dcbd01ea796d36d3797e60c106077e31fd1f526b85337d6a1/coverage-7.8.0-cp312-cp312-manylinux_2_5_i686.manylinux1_i686.manylinux_2_17_i686.manylinux2014_i686.whl", hash = "sha256:0915742f4c82208ebf47a2b154a5334155ed9ef9fe6190674b8a46c2fb89cb05", size = 242885, upload_time = "2025-03-30T20:35:35.354Z" },
    { url = "https://files.pythonhosted.org/packages/10/e0/dc8355f992b6cc2f9dcd5ef6242b62a3f73264893bc09fbb08bfcab18eb4/coverage-7.8.0-cp312-cp312-manylinux_2_5_x86_64.manylinux1_x86_64.manylinux_2_17_x86_64.manylinux2014_x86_64.whl", hash = "sha256:8a40fcf208e021eb14b0fac6bdb045c0e0cab53105f93ba0d03fd934c956143a", size = 245142, upload_time = "2025-03-30T20:35:37.121Z" },
    { url = "https://files.pythonhosted.org/packages/43/1b/33e313b22cf50f652becb94c6e7dae25d8f02e52e44db37a82de9ac357e8/coverage-7.8.0-cp312-cp312-musllinux_1_2_aarch64.whl", hash = "sha256:a1f406a8e0995d654b2ad87c62caf6befa767885301f3b8f6f73e6f3c31ec3a6", size = 244906, upload_time = "2025-03-30T20:35:39.07Z" },
    { url = "https://files.pythonhosted.org/packages/05/08/c0a8048e942e7f918764ccc99503e2bccffba1c42568693ce6955860365e/coverage-7.8.0-cp312-cp312-musllinux_1_2_i686.whl", hash = "sha256:77af0f6447a582fdc7de5e06fa3757a3ef87769fbb0fdbdeba78c23049140a47", size = 243124, upload_time = "2025-03-30T20:35:40.598Z" },
    { url = "https://files.pythonhosted.org/packages/5b/62/ea625b30623083c2aad645c9a6288ad9fc83d570f9adb913a2abdba562dd/coverage-7.8.0-cp312-cp312-musllinux_1_2_x86_64.whl", hash = "sha256:f2d32f95922927186c6dbc8bc60df0d186b6edb828d299ab10898ef3f40052fe", size = 244317, upload_time = "2025-03-30T20:35:42.204Z" },
    { url = "https://files.pythonhosted.org/packages/62/cb/3871f13ee1130a6c8f020e2f71d9ed269e1e2124aa3374d2180ee451cee9/coverage-7.8.0-cp312-cp312-win32.whl", hash = "sha256:769773614e676f9d8e8a0980dd7740f09a6ea386d0f383db6821df07d0f08545", size = 214170, upload_time = "2025-03-30T20:35:44.216Z" },
    { url = "https://files.pythonhosted.org/packages/88/26/69fe1193ab0bfa1eb7a7c0149a066123611baba029ebb448500abd8143f9/coverage-7.8.0-cp312-cp312-win_amd64.whl", hash = "sha256:e5d2b9be5b0693cf21eb4ce0ec8d211efb43966f6657807f6859aab3814f946b", size = 214969, upload_time = "2025-03-30T20:35:45.797Z" },
    { url = "https://files.pythonhosted.org/packages/f3/21/87e9b97b568e223f3438d93072479c2f36cc9b3f6b9f7094b9d50232acc0/coverage-7.8.0-cp313-cp313-macosx_10_13_x86_64.whl", hash = "sha256:5ac46d0c2dd5820ce93943a501ac5f6548ea81594777ca585bf002aa8854cacd", size = 211708, upload_time = "2025-03-30T20:35:47.417Z" },
    { url = "https://files.pythonhosted.org/packages/75/be/882d08b28a0d19c9c4c2e8a1c6ebe1f79c9c839eb46d4fca3bd3b34562b9/coverage-7.8.0-cp313-cp313-macosx_11_0_arm64.whl", hash = "sha256:771eb7587a0563ca5bb6f622b9ed7f9d07bd08900f7589b4febff05f469bea00", size = 211981, upload_time = "2025-03-30T20:35:49.002Z" },
    { url = "https://files.pythonhosted.org/packages/7a/1d/ce99612ebd58082fbe3f8c66f6d8d5694976c76a0d474503fa70633ec77f/coverage-7.8.0-cp313-cp313-manylinux_2_17_aarch64.manylinux2014_aarch64.whl", hash = "sha256:42421e04069fb2cbcbca5a696c4050b84a43b05392679d4068acbe65449b5c64", size = 245495, upload_time = "2025-03-30T20:35:51.073Z" },
    { url = "https://files.pythonhosted.org/packages/dc/8d/6115abe97df98db6b2bd76aae395fcc941d039a7acd25f741312ced9a78f/coverage-7.8.0-cp313-cp313-manylinux_2_5_i686.manylinux1_i686.manylinux_2_17_i686.manylinux2014_i686.whl", hash = "sha256:554fec1199d93ab30adaa751db68acec2b41c5602ac944bb19187cb9a41a8067", size = 242538, upload_time = "2025-03-30T20:35:52.941Z" },
    { url = "https://files.pythonhosted.org/packages/cb/74/2f8cc196643b15bc096d60e073691dadb3dca48418f08bc78dd6e899383e/coverage-7.8.0-cp313-cp313-manylinux_2_5_x86_64.manylinux1_x86_64.manylinux_2_17_x86_64.manylinux2014_x86_64.whl", hash = "sha256:5aaeb00761f985007b38cf463b1d160a14a22c34eb3f6a39d9ad6fc27cb73008", size = 244561, upload_time = "2025-03-30T20:35:54.658Z" },
    { url = "https://files.pythonhosted.org/packages/22/70/c10c77cd77970ac965734fe3419f2c98665f6e982744a9bfb0e749d298f4/coverage-7.8.0-cp313-cp313-musllinux_1_2_aarch64.whl", hash = "sha256:581a40c7b94921fffd6457ffe532259813fc68eb2bdda60fa8cc343414ce3733", size = 244633, upload_time = "2025-03-30T20:35:56.221Z" },
    { url = "https://files.pythonhosted.org/packages/38/5a/4f7569d946a07c952688debee18c2bb9ab24f88027e3d71fd25dbc2f9dca/coverage-7.8.0-cp313-cp313-musllinux_1_2_i686.whl", hash = "sha256:f319bae0321bc838e205bf9e5bc28f0a3165f30c203b610f17ab5552cff90323", size = 242712, upload_time = "2025-03-30T20:35:57.801Z" },
    { url = "https://files.pythonhosted.org/packages/bb/a1/03a43b33f50475a632a91ea8c127f7e35e53786dbe6781c25f19fd5a65f8/coverage-7.8.0-cp313-cp313-musllinux_1_2_x86_64.whl", hash = "sha256:04bfec25a8ef1c5f41f5e7e5c842f6b615599ca8ba8391ec33a9290d9d2db3a3", size = 244000, upload_time = "2025-03-30T20:35:59.378Z" },
    { url = "https://files.pythonhosted.org/packages/6a/89/ab6c43b1788a3128e4d1b7b54214548dcad75a621f9d277b14d16a80d8a1/coverage-7.8.0-cp313-cp313-win32.whl", hash = "sha256:dd19608788b50eed889e13a5d71d832edc34fc9dfce606f66e8f9f917eef910d", size = 214195, upload_time = "2025-03-30T20:36:01.005Z" },
    { url = "https://files.pythonhosted.org/packages/12/12/6bf5f9a8b063d116bac536a7fb594fc35cb04981654cccb4bbfea5dcdfa0/coverage-7.8.0-cp313-cp313-win_amd64.whl", hash = "sha256:a9abbccd778d98e9c7e85038e35e91e67f5b520776781d9a1e2ee9d400869487", size = 214998, upload_time = "2025-03-30T20:36:03.006Z" },
    { url = "https://files.pythonhosted.org/packages/2a/e6/1e9df74ef7a1c983a9c7443dac8aac37a46f1939ae3499424622e72a6f78/coverage-7.8.0-cp313-cp313t-macosx_10_13_x86_64.whl", hash = "sha256:18c5ae6d061ad5b3e7eef4363fb27a0576012a7447af48be6c75b88494c6cf25", size = 212541, upload_time = "2025-03-30T20:36:04.638Z" },
    { url = "https://files.pythonhosted.org/packages/04/51/c32174edb7ee49744e2e81c4b1414ac9df3dacfcb5b5f273b7f285ad43f6/coverage-7.8.0-cp313-cp313t-macosx_11_0_arm64.whl", hash = "sha256:95aa6ae391a22bbbce1b77ddac846c98c5473de0372ba5c463480043a07bff42", size = 212767, upload_time = "2025-03-30T20:36:06.503Z" },
    { url = "https://files.pythonhosted.org/packages/e9/8f/f454cbdb5212f13f29d4a7983db69169f1937e869a5142bce983ded52162/coverage-7.8.0-cp313-cp313t-manylinux_2_17_aarch64.manylinux2014_aarch64.whl", hash = "sha256:e013b07ba1c748dacc2a80e69a46286ff145935f260eb8c72df7185bf048f502", size = 256997, upload_time = "2025-03-30T20:36:08.137Z" },
    { url = "https://files.pythonhosted.org/packages/e6/74/2bf9e78b321216d6ee90a81e5c22f912fc428442c830c4077b4a071db66f/coverage-7.8.0-cp313-cp313t-manylinux_2_5_i686.manylinux1_i686.manylinux_2_17_i686.manylinux2014_i686.whl", hash = "sha256:d766a4f0e5aa1ba056ec3496243150698dc0481902e2b8559314368717be82b1", size = 252708, upload_time = "2025-03-30T20:36:09.781Z" },
    { url = "https://files.pythonhosted.org/packages/92/4d/50d7eb1e9a6062bee6e2f92e78b0998848a972e9afad349b6cdde6fa9e32/coverage-7.8.0-cp313-cp313t-manylinux_2_5_x86_64.manylinux1_x86_64.manylinux_2_17_x86_64.manylinux2014_x86_64.whl", hash = "sha256:ad80e6b4a0c3cb6f10f29ae4c60e991f424e6b14219d46f1e7d442b938ee68a4", size = 255046, upload_time = "2025-03-30T20:36:11.409Z" },
    { url = "https://files.pythonhosted.org/packages/40/9e/71fb4e7402a07c4198ab44fc564d09d7d0ffca46a9fb7b0a7b929e7641bd/coverage-7.8.0-cp313-cp313t-musllinux_1_2_aarch64.whl", hash = "sha256:b87eb6fc9e1bb8f98892a2458781348fa37e6925f35bb6ceb9d4afd54ba36c73", size = 256139, upload_time = "2025-03-30T20:36:13.86Z" },
    { url = "https://files.pythonhosted.org/packages/49/1a/78d37f7a42b5beff027e807c2843185961fdae7fe23aad5a4837c93f9d25/coverage-7.8.0-cp313-cp313t-musllinux_1_2_i686.whl", hash = "sha256:d1ba00ae33be84066cfbe7361d4e04dec78445b2b88bdb734d0d1cbab916025a", size = 254307, upload_time = "2025-03-30T20:36:16.074Z" },
    { url = "https://files.pythonhosted.org/packages/58/e9/8fb8e0ff6bef5e170ee19d59ca694f9001b2ec085dc99b4f65c128bb3f9a/coverage-7.8.0-cp313-cp313t-musllinux_1_2_x86_64.whl", hash = "sha256:f3c38e4e5ccbdc9198aecc766cedbb134b2d89bf64533973678dfcf07effd883", size = 255116, upload_time = "2025-03-30T20:36:18.033Z" },
    { url = "https://files.pythonhosted.org/packages/56/b0/d968ecdbe6fe0a863de7169bbe9e8a476868959f3af24981f6a10d2b6924/coverage-7.8.0-cp313-cp313t-win32.whl", hash = "sha256:379fe315e206b14e21db5240f89dc0774bdd3e25c3c58c2c733c99eca96f1ada", size = 214909, upload_time = "2025-03-30T20:36:19.644Z" },
    { url = "https://files.pythonhosted.org/packages/87/e9/d6b7ef9fecf42dfb418d93544af47c940aa83056c49e6021a564aafbc91f/coverage-7.8.0-cp313-cp313t-win_amd64.whl", hash = "sha256:2e4b6b87bb0c846a9315e3ab4be2d52fac905100565f4b92f02c445c8799e257", size = 216068, upload_time = "2025-03-30T20:36:21.282Z" },
    { url = "https://files.pythonhosted.org/packages/c4/f1/1da77bb4c920aa30e82fa9b6ea065da3467977c2e5e032e38e66f1c57ffd/coverage-7.8.0-pp39.pp310.pp311-none-any.whl", hash = "sha256:b8194fb8e50d556d5849753de991d390c5a1edeeba50f68e3a9253fbd8bf8ccd", size = 203443, upload_time = "2025-03-30T20:36:41.959Z" },
    { url = "https://files.pythonhosted.org/packages/59/f1/4da7717f0063a222db253e7121bd6a56f6fb1ba439dcc36659088793347c/coverage-7.8.0-py3-none-any.whl", hash = "sha256:dbf364b4c5e7bae9250528167dfe40219b62e2d573c854d74be213e1e52069f7", size = 203435, upload_time = "2025-03-30T20:36:43.61Z" },
]

[package.optional-dependencies]
toml = [
    { name = "tomli", marker = "python_full_version <= '3.11'" },
]

[[package]]
name = "execnet"
version = "2.1.1"
source = { registry = "https://pypi.org/simple" }
sdist = { url = "https://files.pythonhosted.org/packages/bb/ff/b4c0dc78fbe20c3e59c0c7334de0c27eb4001a2b2017999af398bf730817/execnet-2.1.1.tar.gz", hash = "sha256:5189b52c6121c24feae288166ab41b32549c7e2348652736540b9e6e7d4e72e3", size = 166524, upload_time = "2024-04-08T09:04:19.245Z" }
wheels = [
    { url = "https://files.pythonhosted.org/packages/43/09/2aea36ff60d16dd8879bdb2f5b3ee0ba8d08cbbdcdfe870e695ce3784385/execnet-2.1.1-py3-none-any.whl", hash = "sha256:26dee51f1b80cebd6d0ca8e74dd8745419761d3bef34163928cbebbdc4749fdc", size = 40612, upload_time = "2024-04-08T09:04:17.414Z" },
]

[[package]]
name = "iniconfig"
version = "2.1.0"
source = { registry = "https://pypi.org/simple" }
sdist = { url = "https://files.pythonhosted.org/packages/f2/97/ebf4da567aa6827c909642694d71c9fcf53e5b504f2d96afea02718862f3/iniconfig-2.1.0.tar.gz", hash = "sha256:3abbd2e30b36733fee78f9c7f7308f2d0050e88f0087fd25c2645f63c773e1c7", size = 4793, upload_time = "2025-03-19T20:09:59.721Z" }
wheels = [
    { url = "https://files.pythonhosted.org/packages/2c/e1/e6716421ea10d38022b952c159d5161ca1193197fb744506875fbb87ea7b/iniconfig-2.1.0-py3-none-any.whl", hash = "sha256:9deba5723312380e77435581c6bf4935c94cbfab9b1ed33ef8d238ea168eb760", size = 6050, upload_time = "2025-03-19T20:10:01.071Z" },
]

[[package]]
name = "lxml"
version = "5.3.2"
source = { registry = "https://pypi.org/simple" }
sdist = { url = "https://files.pythonhosted.org/packages/80/61/d3dc048cd6c7be6fe45b80cedcbdd4326ba4d550375f266d9f4246d0f4bc/lxml-5.3.2.tar.gz", hash = "sha256:773947d0ed809ddad824b7b14467e1a481b8976e87278ac4a730c2f7c7fcddc1", size = 3679948, upload_time = "2025-04-05T18:31:58.757Z" }
wheels = [
    { url = "https://files.pythonhosted.org/packages/84/b8/2b727f5a90902f7cc5548349f563b60911ca05f3b92e35dfa751349f265f/lxml-5.3.2-cp311-cp311-macosx_10_9_universal2.whl", hash = "sha256:9d61a7d0d208ace43986a92b111e035881c4ed45b1f5b7a270070acae8b0bfb4", size = 8163457, upload_time = "2025-04-05T18:25:55.176Z" },
    { url = "https://files.pythonhosted.org/packages/91/84/23135b2dc72b3440d68c8f39ace2bb00fe78e3a2255f7c74f7e76f22498e/lxml-5.3.2-cp311-cp311-macosx_10_9_x86_64.whl", hash = "sha256:856dfd7eda0b75c29ac80a31a6411ca12209183e866c33faf46e77ace3ce8a79", size = 4433445, upload_time = "2025-04-05T18:25:57.631Z" },
    { url = "https://files.pythonhosted.org/packages/c9/1c/6900ade2294488f80598af7b3229669562166384bb10bf4c915342a2f288/lxml-5.3.2-cp311-cp311-manylinux_2_12_i686.manylinux2010_i686.manylinux_2_17_i686.manylinux2014_i686.whl", hash = "sha256:7a01679e4aad0727bedd4c9407d4d65978e920f0200107ceeffd4b019bd48529", size = 5029603, upload_time = "2025-04-05T18:26:00.145Z" },
    { url = "https://files.pythonhosted.org/packages/2f/e9/31dbe5deaccf0d33ec279cf400306ad4b32dfd1a0fee1fca40c5e90678fe/lxml-5.3.2-cp311-cp311-manylinux_2_17_aarch64.manylinux2014_aarch64.whl", hash = "sha256:b6b37b4c3acb8472d191816d4582379f64d81cecbdce1a668601745c963ca5cc", size = 4771236, upload_time = "2025-04-05T18:26:02.656Z" },
    { url = "https://files.pythonhosted.org/packages/68/41/c3412392884130af3415af2e89a2007e00b2a782be6fb848a95b598a114c/lxml-5.3.2-cp311-cp311-manylinux_2_17_ppc64le.manylinux2014_ppc64le.whl", hash = "sha256:3df5a54e7b7c31755383f126d3a84e12a4e0333db4679462ef1165d702517477", size = 5369815, upload_time = "2025-04-05T18:26:05.842Z" },
    { url = "https://files.pythonhosted.org/packages/34/0a/ba0309fd5f990ea0cc05aba2bea225ef1bcb07ecbf6c323c6b119fc46e7f/lxml-5.3.2-cp311-cp311-manylinux_2_17_s390x.manylinux2014_s390x.whl", hash = "sha256:c09a40f28dcded933dc16217d6a092be0cc49ae25811d3b8e937c8060647c353", size = 4843663, upload_time = "2025-04-05T18:26:09.143Z" },
    { url = "https://files.pythonhosted.org/packages/b6/c6/663b5d87d51d00d4386a2d52742a62daa486c5dc6872a443409d9aeafece/lxml-5.3.2-cp311-cp311-manylinux_2_17_x86_64.manylinux2014_x86_64.whl", hash = "sha256:a1ef20f1851ccfbe6c5a04c67ec1ce49da16ba993fdbabdce87a92926e505412", size = 4918028, upload_time = "2025-04-05T18:26:12.243Z" },
    { url = "https://files.pythonhosted.org/packages/75/5f/f6a72ccbe05cf83341d4b6ad162ed9e1f1ffbd12f1c4b8bc8ae413392282/lxml-5.3.2-cp311-cp311-manylinux_2_28_aarch64.whl", hash = "sha256:f79a63289dbaba964eb29ed3c103b7911f2dce28c36fe87c36a114e6bd21d7ad", size = 4792005, upload_time = "2025-04-05T18:26:15.081Z" },
    { url = "https://files.pythonhosted.org/packages/37/7b/8abd5b332252239ffd28df5842ee4e5bf56e1c613c323586c21ccf5af634/lxml-5.3.2-cp311-cp311-manylinux_2_28_ppc64le.whl", hash = "sha256:75a72697d95f27ae00e75086aed629f117e816387b74a2f2da6ef382b460b710", size = 5405363, upload_time = "2025-04-05T18:26:17.618Z" },
    { url = "https://files.pythonhosted.org/packages/5a/79/549b7ec92b8d9feb13869c1b385a0749d7ccfe5590d1e60f11add9cdd580/lxml-5.3.2-cp311-cp311-manylinux_2_28_s390x.whl", hash = "sha256:b9b00c9ee1cc3a76f1f16e94a23c344e0b6e5c10bec7f94cf2d820ce303b8c01", size = 4932915, upload_time = "2025-04-05T18:26:20.269Z" },
    { url = "https://files.pythonhosted.org/packages/57/eb/4fa626d0bac8b4f2aa1d0e6a86232db030fd0f462386daf339e4a0ee352b/lxml-5.3.2-cp311-cp311-manylinux_2_28_x86_64.whl", hash = "sha256:77cbcab50cbe8c857c6ba5f37f9a3976499c60eada1bf6d38f88311373d7b4bc", size = 4983473, upload_time = "2025-04-05T18:26:23.828Z" },
    { url = "https://files.pythonhosted.org/packages/1b/c8/79d61d13cbb361c2c45fbe7c8bd00ea6a23b3e64bc506264d2856c60d702/lxml-5.3.2-cp311-cp311-musllinux_1_2_aarch64.whl", hash = "sha256:29424058f072a24622a0a15357bca63d796954758248a72da6d512f9bd9a4493", size = 4855284, upload_time = "2025-04-05T18:26:26.504Z" },
    { url = "https://files.pythonhosted.org/packages/80/16/9f84e1ef03a13136ab4f9482c9adaaad425c68b47556b9d3192a782e5d37/lxml-5.3.2-cp311-cp311-musllinux_1_2_ppc64le.whl", hash = "sha256:7d82737a8afe69a7c80ef31d7626075cc7d6e2267f16bf68af2c764b45ed68ab", size = 5458355, upload_time = "2025-04-05T18:26:29.086Z" },
    { url = "https://files.pythonhosted.org/packages/aa/6d/f62860451bb4683e87636e49effb76d499773337928e53356c1712ccec24/lxml-5.3.2-cp311-cp311-musllinux_1_2_s390x.whl", hash = "sha256:95473d1d50a5d9fcdb9321fdc0ca6e1edc164dce4c7da13616247d27f3d21e31", size = 5300051, upload_time = "2025-04-05T18:26:31.723Z" },
    { url = "https://files.pythonhosted.org/packages/3f/5f/3b6c4acec17f9a57ea8bb89a658a70621db3fb86ea588e7703b6819d9b03/lxml-5.3.2-cp311-cp311-musllinux_1_2_x86_64.whl", hash = "sha256:2162068f6da83613f8b2a32ca105e37a564afd0d7009b0b25834d47693ce3538", size = 5033481, upload_time = "2025-04-05T18:26:34.312Z" },
    { url = "https://files.pythonhosted.org/packages/79/bd/3c4dd7d903bb9981f4876c61ef2ff5d5473e409ef61dc7337ac207b91920/lxml-5.3.2-cp311-cp311-win32.whl", hash = "sha256:f8695752cf5d639b4e981afe6c99e060621362c416058effd5c704bede9cb5d1", size = 3474266, upload_time = "2025-04-05T18:26:36.545Z" },
    { url = "https://files.pythonhosted.org/packages/1f/ea/9311fa1ef75b7d601c89600fc612838ee77ad3d426184941cba9cf62641f/lxml-5.3.2-cp311-cp311-win_amd64.whl", hash = "sha256:d1a94cbb4ee64af3ab386c2d63d6d9e9cf2e256ac0fd30f33ef0a3c88f575174", size = 3815230, upload_time = "2025-04-05T18:26:39.486Z" },
    { url = "https://files.pythonhosted.org/packages/0d/7e/c749257a7fabc712c4df57927b0f703507f316e9f2c7e3219f8f76d36145/lxml-5.3.2-cp312-cp312-macosx_10_9_universal2.whl", hash = "sha256:16b3897691ec0316a1aa3c6585f61c8b7978475587c5b16fc1d2c28d283dc1b0", size = 8193212, upload_time = "2025-04-05T18:26:42.692Z" },
    { url = "https://files.pythonhosted.org/packages/a8/50/17e985ba162c9f1ca119f4445004b58f9e5ef559ded599b16755e9bfa260/lxml-5.3.2-cp312-cp312-macosx_10_9_x86_64.whl", hash = "sha256:a8d4b34a0eeaf6e73169dcfd653c8d47f25f09d806c010daf074fba2db5e2d3f", size = 4451439, upload_time = "2025-04-05T18:26:46.468Z" },
    { url = "https://files.pythonhosted.org/packages/c2/b5/4960ba0fcca6ce394ed4a2f89ee13083e7fcbe9641a91166e8e9792fedb1/lxml-5.3.2-cp312-cp312-manylinux_2_12_i686.manylinux2010_i686.manylinux_2_17_i686.manylinux2014_i686.whl", hash = "sha256:9cd7a959396da425022e1e4214895b5cfe7de7035a043bcc2d11303792b67554", size = 5052146, upload_time = "2025-04-05T18:26:49.737Z" },
    { url = "https://files.pythonhosted.org/packages/5f/d1/184b04481a5d1f5758916de087430752a7b229bddbd6c1d23405078c72bd/lxml-5.3.2-cp312-cp312-manylinux_2_17_aarch64.manylinux2014_aarch64.whl", hash = "sha256:cac5eaeec3549c5df7f8f97a5a6db6963b91639389cdd735d5a806370847732b", size = 4789082, upload_time = "2025-04-05T18:26:52.295Z" },
    { url = "https://files.pythonhosted.org/packages/7d/75/1a19749d373e9a3d08861addccdf50c92b628c67074b22b8f3c61997cf5a/lxml-5.3.2-cp312-cp312-manylinux_2_17_ppc64le.manylinux2014_ppc64le.whl", hash = "sha256:29b5f7d77334877c2146e7bb8b94e4df980325fab0a8af4d524e5d43cd6f789d", size = 5312300, upload_time = "2025-04-05T18:26:54.923Z" },
    { url = "https://files.pythonhosted.org/packages/fb/00/9d165d4060d3f347e63b219fcea5c6a3f9193e9e2868c6801e18e5379725/lxml-5.3.2-cp312-cp312-manylinux_2_17_s390x.manylinux2014_s390x.whl", hash = "sha256:13f3495cfec24e3d63fffd342cc8141355d1d26ee766ad388775f5c8c5ec3932", size = 4836655, upload_time = "2025-04-05T18:26:57.488Z" },
    { url = "https://files.pythonhosted.org/packages/b8/e9/06720a33cc155966448a19677f079100517b6629a872382d22ebd25e48aa/lxml-5.3.2-cp312-cp312-manylinux_2_17_x86_64.manylinux2014_x86_64.whl", hash = "sha256:e70ad4c9658beeff99856926fd3ee5fde8b519b92c693f856007177c36eb2e30", size = 4961795, upload_time = "2025-04-05T18:27:00.126Z" },
    { url = "https://files.pythonhosted.org/packages/2d/57/4540efab2673de2904746b37ef7f74385329afd4643ed92abcc9ec6e00ca/lxml-5.3.2-cp312-cp312-manylinux_2_28_aarch64.whl", hash = "sha256:507085365783abd7879fa0a6fa55eddf4bdd06591b17a2418403bb3aff8a267d", size = 4779791, upload_time = "2025-04-05T18:27:03.061Z" },
    { url = "https://files.pythonhosted.org/packages/99/ad/6056edf6c9f4fa1d41e6fbdae52c733a4a257fd0d7feccfa26ae051bb46f/lxml-5.3.2-cp312-cp312-manylinux_2_28_ppc64le.whl", hash = "sha256:5bb304f67cbf5dfa07edad904732782cbf693286b9cd85af27059c5779131050", size = 5346807, upload_time = "2025-04-05T18:27:05.877Z" },
    { url = "https://files.pythonhosted.org/packages/a1/fa/5be91fc91a18f3f705ea5533bc2210b25d738c6b615bf1c91e71a9b2f26b/lxml-5.3.2-cp312-cp312-manylinux_2_28_s390x.whl", hash = "sha256:3d84f5c093645c21c29a4e972b84cb7cf682f707f8706484a5a0c7ff13d7a988", size = 4909213, upload_time = "2025-04-05T18:27:08.588Z" },
    { url = "https://files.pythonhosted.org/packages/f3/74/71bb96a3b5ae36b74e0402f4fa319df5559a8538577f8c57c50f1b57dc15/lxml-5.3.2-cp312-cp312-manylinux_2_28_x86_64.whl", hash = "sha256:bdc13911db524bd63f37b0103af014b7161427ada41f1b0b3c9b5b5a9c1ca927", size = 4987694, upload_time = "2025-04-05T18:27:11.66Z" },
    { url = "https://files.pythonhosted.org/packages/08/c2/3953a68b0861b2f97234b1838769269478ccf872d8ea7a26e911238220ad/lxml-5.3.2-cp312-cp312-musllinux_1_2_aarch64.whl", hash = "sha256:1ec944539543f66ebc060ae180d47e86aca0188bda9cbfadff47d86b0dc057dc", size = 4862865, upload_time = "2025-04-05T18:27:14.194Z" },
    { url = "https://files.pythonhosted.org/packages/e0/9a/52e48f7cfd5a5e61f44a77e679880580dfb4f077af52d6ed5dd97e3356fe/lxml-5.3.2-cp312-cp312-musllinux_1_2_ppc64le.whl", hash = "sha256:59d437cc8a7f838282df5a199cf26f97ef08f1c0fbec6e84bd6f5cc2b7913f6e", size = 5423383, upload_time = "2025-04-05T18:27:16.988Z" },
    { url = "https://files.pythonhosted.org/packages/17/67/42fe1d489e4dcc0b264bef361aef0b929fbb2b5378702471a3043bc6982c/lxml-5.3.2-cp312-cp312-musllinux_1_2_s390x.whl", hash = "sha256:0e275961adbd32e15672e14e0cc976a982075208224ce06d149c92cb43db5b93", size = 5286864, upload_time = "2025-04-05T18:27:19.703Z" },
    { url = "https://files.pythonhosted.org/packages/29/e4/03b1d040ee3aaf2bd4e1c2061de2eae1178fe9a460d3efc1ea7ef66f6011/lxml-5.3.2-cp312-cp312-musllinux_1_2_x86_64.whl", hash = "sha256:038aeb6937aa404480c2966b7f26f1440a14005cb0702078c173c028eca72c31", size = 5056819, upload_time = "2025-04-05T18:27:22.814Z" },
    { url = "https://files.pythonhosted.org/packages/83/b3/e2ec8a6378e4d87da3af9de7c862bcea7ca624fc1a74b794180c82e30123/lxml-5.3.2-cp312-cp312-win32.whl", hash = "sha256:3c2c8d0fa3277147bff180e3590be67597e17d365ce94beb2efa3138a2131f71", size = 3486177, upload_time = "2025-04-05T18:27:25.078Z" },
    { url = "https://files.pythonhosted.org/packages/d5/8a/6a08254b0bab2da9573735725caab8302a2a1c9b3818533b41568ca489be/lxml-5.3.2-cp312-cp312-win_amd64.whl", hash = "sha256:77809fcd97dfda3f399102db1794f7280737b69830cd5c961ac87b3c5c05662d", size = 3817134, upload_time = "2025-04-05T18:27:27.481Z" },
    { url = "https://files.pythonhosted.org/packages/19/fe/904fd1b0ba4f42ed5a144fcfff7b8913181892a6aa7aeb361ee783d441f8/lxml-5.3.2-cp313-cp313-macosx_10_13_universal2.whl", hash = "sha256:77626571fb5270ceb36134765f25b665b896243529eefe840974269b083e090d", size = 8173598, upload_time = "2025-04-05T18:27:31.229Z" },
    { url = "https://files.pythonhosted.org/packages/97/e8/5e332877b3ce4e2840507b35d6dbe1cc33b17678ece945ba48d2962f8c06/lxml-5.3.2-cp313-cp313-macosx_10_13_x86_64.whl", hash = "sha256:78a533375dc7aa16d0da44af3cf6e96035e484c8c6b2b2445541a5d4d3d289ee", size = 4441586, upload_time = "2025-04-05T18:27:33.883Z" },
    { url = "https://files.pythonhosted.org/packages/de/f4/8fe2e6d8721803182fbce2325712e98f22dbc478126070e62731ec6d54a0/lxml-5.3.2-cp313-cp313-manylinux_2_12_i686.manylinux2010_i686.manylinux_2_17_i686.manylinux2014_i686.whl", hash = "sha256:a6f62b2404b3f3f0744bbcabb0381c5fe186fa2a9a67ecca3603480f4846c585", size = 5038447, upload_time = "2025-04-05T18:27:36.426Z" },
    { url = "https://files.pythonhosted.org/packages/a6/ac/fa63f86a1a4b1ba8b03599ad9e2f5212fa813223ac60bfe1155390d1cc0c/lxml-5.3.2-cp313-cp313-manylinux_2_17_aarch64.manylinux2014_aarch64.whl", hash = "sha256:2ea918da00091194526d40c30c4996971f09dacab032607581f8d8872db34fbf", size = 4783583, upload_time = "2025-04-05T18:27:39.492Z" },
    { url = "https://files.pythonhosted.org/packages/1a/7a/08898541296a02c868d4acc11f31a5839d80f5b21d4a96f11d4c0fbed15e/lxml-5.3.2-cp313-cp313-manylinux_2_17_ppc64le.manylinux2014_ppc64le.whl", hash = "sha256:c35326f94702a7264aa0eea826a79547d3396a41ae87a70511b9f6e9667ad31c", size = 5305684, upload_time = "2025-04-05T18:27:42.16Z" },
    { url = "https://files.pythonhosted.org/packages/0b/be/9a6d80b467771b90be762b968985d3de09e0d5886092238da65dac9c1f75/lxml-5.3.2-cp313-cp313-manylinux_2_17_s390x.manylinux2014_s390x.whl", hash = "sha256:e3bef90af21d31c4544bc917f51e04f94ae11b43156356aff243cdd84802cbf2", size = 4830797, upload_time = "2025-04-05T18:27:45.071Z" },
    { url = "https://files.pythonhosted.org/packages/8d/1c/493632959f83519802637f7db3be0113b6e8a4e501b31411fbf410735a75/lxml-5.3.2-cp313-cp313-manylinux_2_17_x86_64.manylinux2014_x86_64.whl", hash = "sha256:52fa7ba11a495b7cbce51573c73f638f1dcff7b3ee23697467dc063f75352a69", size = 4950302, upload_time = "2025-04-05T18:27:47.979Z" },
    { url = "https://files.pythonhosted.org/packages/c7/13/01aa3b92a6b93253b90c061c7527261b792f5ae7724b420cded733bfd5d6/lxml-5.3.2-cp313-cp313-manylinux_2_28_aarch64.whl", hash = "sha256:ad131e2c4d2c3803e736bb69063382334e03648de2a6b8f56a878d700d4b557d", size = 4775247, upload_time = "2025-04-05T18:27:51.174Z" },
    { url = "https://files.pythonhosted.org/packages/60/4a/baeb09fbf5c84809e119c9cf8e2e94acec326a9b45563bf5ae45a234973b/lxml-5.3.2-cp313-cp313-manylinux_2_28_ppc64le.whl", hash = "sha256:00a4463ca409ceacd20490a893a7e08deec7870840eff33dc3093067b559ce3e", size = 5338824, upload_time = "2025-04-05T18:27:54.15Z" },
    { url = "https://files.pythonhosted.org/packages/69/c7/a05850f169ad783ed09740ac895e158b06d25fce4b13887a8ac92a84d61c/lxml-5.3.2-cp313-cp313-manylinux_2_28_s390x.whl", hash = "sha256:87e8d78205331cace2b73ac8249294c24ae3cba98220687b5b8ec5971a2267f1", size = 4899079, upload_time = "2025-04-05T18:27:57.03Z" },
    { url = "https://files.pythonhosted.org/packages/de/48/18ca583aba5235582db0e933ed1af6540226ee9ca16c2ee2d6f504fcc34a/lxml-5.3.2-cp313-cp313-manylinux_2_28_x86_64.whl", hash = "sha256:bf6389133bb255e530a4f2f553f41c4dd795b1fbb6f797aea1eff308f1e11606", size = 4978041, upload_time = "2025-04-05T18:27:59.918Z" },
    { url = "https://files.pythonhosted.org/packages/b6/55/6968ddc88554209d1dba0dca196360c629b3dfe083bc32a3370f9523a0c4/lxml-5.3.2-cp313-cp313-musllinux_1_2_aarch64.whl", hash = "sha256:b3709fc752b42fb6b6ffa2ba0a5b9871646d97d011d8f08f4d5b3ee61c7f3b2b", size = 4859761, upload_time = "2025-04-05T18:28:02.83Z" },
    { url = "https://files.pythonhosted.org/packages/2e/52/d2d3baa1e0b7d04a729613160f1562f466fb1a0e45085a33acb0d6981a2b/lxml-5.3.2-cp313-cp313-musllinux_1_2_ppc64le.whl", hash = "sha256:abc795703d0de5d83943a4badd770fbe3d1ca16ee4ff3783d7caffc252f309ae", size = 5418209, upload_time = "2025-04-05T18:28:05.851Z" },
    { url = "https://files.pythonhosted.org/packages/d3/50/6005b297ba5f858a113d6e81ccdb3a558b95a615772e7412d1f1cbdf22d7/lxml-5.3.2-cp313-cp313-musllinux_1_2_s390x.whl", hash = "sha256:98050830bb6510159f65d9ad1b8aca27f07c01bb3884ba95f17319ccedc4bcf9", size = 5274231, upload_time = "2025-04-05T18:28:08.849Z" },
    { url = "https://files.pythonhosted.org/packages/fb/33/6f40c09a5f7d7e7fcb85ef75072e53eba3fbadbf23e4991ca069ab2b1abb/lxml-5.3.2-cp313-cp313-musllinux_1_2_x86_64.whl", hash = "sha256:6ba465a91acc419c5682f8b06bcc84a424a7aa5c91c220241c6fd31de2a72bc6", size = 5051899, upload_time = "2025-04-05T18:28:11.729Z" },
    { url = "https://files.pythonhosted.org/packages/8b/3a/673bc5c0d5fb6596ee2963dd016fdaefaed2c57ede82c7634c08cbda86c1/lxml-5.3.2-cp313-cp313-win32.whl", hash = "sha256:56a1d56d60ea1ec940f949d7a309e0bff05243f9bd337f585721605670abb1c1", size = 3485315, upload_time = "2025-04-05T18:28:14.815Z" },
    { url = "https://files.pythonhosted.org/packages/8c/be/cab8dd33b0dbe3af5b5d4d24137218f79ea75d540f74eb7d8581195639e0/lxml-5.3.2-cp313-cp313-win_amd64.whl", hash = "sha256:1a580dc232c33d2ad87d02c8a3069d47abbcdce974b9c9cc82a79ff603065dbe", size = 3814639, upload_time = "2025-04-05T18:28:17.268Z" },
]

[[package]]
name = "packaging"
version = "25.0"
source = { registry = "https://pypi.org/simple" }
sdist = { url = "https://files.pythonhosted.org/packages/a1/d4/1fc4078c65507b51b96ca8f8c3ba19e6a61c8253c72794544580a7b6c24d/packaging-25.0.tar.gz", hash = "sha256:d443872c98d677bf60f6a1f2f8c1cb748e8fe762d2bf9d3148b5599295b0fc4f", size = 165727, upload_time = "2025-04-19T11:48:59.673Z" }
wheels = [
    { url = "https://files.pythonhosted.org/packages/20/12/38679034af332785aac8774540895e234f4d07f7545804097de4b666afd8/packaging-25.0-py3-none-any.whl", hash = "sha256:29572ef2b1f17581046b3a2227d5c611fb25ec70ca1ba8554b24b0e69331a484", size = 66469, upload_time = "2025-04-19T11:48:57.875Z" },
]

[[package]]
name = "pluggy"
version = "1.5.0"
source = { registry = "https://pypi.org/simple" }
sdist = { url = "https://files.pythonhosted.org/packages/96/2d/02d4312c973c6050a18b314a5ad0b3210edb65a906f868e31c111dede4a6/pluggy-1.5.0.tar.gz", hash = "sha256:2cffa88e94fdc978c4c574f15f9e59b7f4201d439195c3715ca9e2486f1d0cf1", size = 67955, upload_time = "2024-04-20T21:34:42.531Z" }
wheels = [
    { url = "https://files.pythonhosted.org/packages/88/5f/e351af9a41f866ac3f1fac4ca0613908d9a41741cfcf2228f4ad853b697d/pluggy-1.5.0-py3-none-any.whl", hash = "sha256:44e1ad92c8ca002de6377e165f3e0f1be63266ab4d554740532335b9d75ea669", size = 20556, upload_time = "2024-04-20T21:34:40.434Z" },
]

[[package]]
name = "pytest"
version = "8.3.5"
source = { registry = "https://pypi.org/simple" }
dependencies = [
    { name = "colorama", marker = "sys_platform == 'win32'" },
    { name = "iniconfig" },
    { name = "packaging" },
    { name = "pluggy" },
]
sdist = { url = "https://files.pythonhosted.org/packages/ae/3c/c9d525a414d506893f0cd8a8d0de7706446213181570cdbd766691164e40/pytest-8.3.5.tar.gz", hash = "sha256:f4efe70cc14e511565ac476b57c279e12a855b11f48f212af1080ef2263d3845", size = 1450891, upload_time = "2025-03-02T12:54:54.503Z" }
wheels = [
    { url = "https://files.pythonhosted.org/packages/30/3d/64ad57c803f1fa1e963a7946b6e0fea4a70df53c1a7fed304586539c2bac/pytest-8.3.5-py3-none-any.whl", hash = "sha256:c69214aa47deac29fad6c2a4f590b9c4a9fdb16a403176fe154b79c0b4d4d820", size = 343634, upload_time = "2025-03-02T12:54:52.069Z" },
]

[[package]]
name = "pytest-cov"
version = "6.1.1"
source = { registry = "https://pypi.org/simple" }
dependencies = [
    { name = "coverage", extra = ["toml"] },
    { name = "pytest" },
]
sdist = { url = "https://files.pythonhosted.org/packages/25/69/5f1e57f6c5a39f81411b550027bf72842c4567ff5fd572bed1edc9e4b5d9/pytest_cov-6.1.1.tar.gz", hash = "sha256:46935f7aaefba760e716c2ebfbe1c216240b9592966e7da99ea8292d4d3e2a0a", size = 66857, upload_time = "2025-04-05T14:07:51.592Z" }
wheels = [
    { url = "https://files.pythonhosted.org/packages/28/d0/def53b4a790cfb21483016430ed828f64830dd981ebe1089971cd10cab25/pytest_cov-6.1.1-py3-none-any.whl", hash = "sha256:bddf29ed2d0ab6f4df17b4c55b0a657287db8684af9c42ea546b21b1041b3dde", size = 23841, upload_time = "2025-04-05T14:07:49.641Z" },
]

[[package]]
name = "pytest-cover"
version = "3.0.0"
source = { registry = "https://pypi.org/simple" }
dependencies = [
    { name = "pytest-cov" },
]
sdist = { url = "https://files.pythonhosted.org/packages/30/27/20964101a7cdb260f8d6c4e854659026968321d10c90552b1fe7f6c5f913/pytest-cover-3.0.0.tar.gz", hash = "sha256:5bdb6c1cc3dd75583bb7bc2c57f5e1034a1bfcb79d27c71aceb0b16af981dbf4", size = 3211, upload_time = "2015-08-01T19:20:22.562Z" }
wheels = [
    { url = "https://files.pythonhosted.org/packages/71/9b/7b4700c462628e169bd859c6368d596a6aedc87936bde733bead9f875fce/pytest_cover-3.0.0-py2.py3-none-any.whl", hash = "sha256:578249955eb3b5f3991209df6e532bb770b647743b7392d3d97698dc02f39ebb", size = 3769, upload_time = "2015-08-01T19:20:18.534Z" },
]

[[package]]
name = "pytest-coverage"
version = "0.0"
source = { registry = "https://pypi.org/simple" }
dependencies = [
    { name = "pytest-cover" },
]
sdist = { url = "https://files.pythonhosted.org/packages/01/81/1d954849aed17b254d1c397eb4447a05eedce612a56b627c071df2ce00c1/pytest-coverage-0.0.tar.gz", hash = "sha256:db6af2cbd7e458c7c9fd2b4207cee75258243c8a81cad31a7ee8cfad5be93c05", size = 873, upload_time = "2015-06-17T21:50:38.956Z" }
wheels = [
    { url = "https://files.pythonhosted.org/packages/5b/4b/d95b052f87db89a2383233c0754c45f6d3b427b7a4bcb771ac9316a6fae1/pytest_coverage-0.0-py2.py3-none-any.whl", hash = "sha256:dedd084c5e74d8e669355325916dc011539b190355021b037242514dee546368", size = 2013, upload_time = "2015-06-17T22:08:36.771Z" },
]

[[package]]
name = "pytest-xdist"
version = "3.6.1"
source = { registry = "https://pypi.org/simple" }
dependencies = [
    { name = "execnet" },
    { name = "pytest" },
]
sdist = { url = "https://files.pythonhosted.org/packages/41/c4/3c310a19bc1f1e9ef50075582652673ef2bfc8cd62afef9585683821902f/pytest_xdist-3.6.1.tar.gz", hash = "sha256:ead156a4db231eec769737f57668ef58a2084a34b2e55c4a8fa20d861107300d", size = 84060, upload_time = "2024-04-28T19:29:54.414Z" }
wheels = [
    { url = "https://files.pythonhosted.org/packages/6d/82/1d96bf03ee4c0fdc3c0cbe61470070e659ca78dc0086fb88b66c185e2449/pytest_xdist-3.6.1-py3-none-any.whl", hash = "sha256:9ed4adfb68a016610848639bb7e02c9352d5d9f03d04809919e2dafc3be4cca7", size = 46108, upload_time = "2024-04-28T19:29:52.813Z" },
]

[[package]]
name = "python-docx"
source = { editable = "." }
dependencies = [
    { name = "lxml" },
    { name = "typing-extensions" },
]

[package.dev-dependencies]
dev = [
    { name = "pytest" },
    { name = "pytest-coverage" },
    { name = "pytest-xdist" },
]

[package.metadata]
requires-dist = [
    { name = "lxml", specifier = ">=3.1.0" },
    { name = "typing-extensions", specifier = ">=4.9.0" },
]

[package.metadata.requires-dev]
dev = [
    { name = "pytest", specifier = ">=8.3.5" },
    { name = "pytest-coverage", specifier = ">=0.0" },
    { name = "pytest-xdist", specifier = ">=3.6.1" },
]

[[package]]
name = "tomli"
version = "2.2.1"
source = { registry = "https://pypi.org/simple" }
sdist = { url = "https://files.pythonhosted.org/packages/18/87/302344fed471e44a87289cf4967697d07e532f2421fdaf868a303cbae4ff/tomli-2.2.1.tar.gz", hash = "sha256:cd45e1dc79c835ce60f7404ec8119f2eb06d38b1deba146f07ced3bbc44505ff", size = 17175, upload_time = "2024-11-27T22:38:36.873Z" }
wheels = [
    { url = "https://files.pythonhosted.org/packages/43/ca/75707e6efa2b37c77dadb324ae7d9571cb424e61ea73fad7c56c2d14527f/tomli-2.2.1-cp311-cp311-macosx_10_9_x86_64.whl", hash = "sha256:678e4fa69e4575eb77d103de3df8a895e1591b48e740211bd1067378c69e8249", size = 131077, upload_time = "2024-11-27T22:37:54.956Z" },
    { url = "https://files.pythonhosted.org/packages/c7/16/51ae563a8615d472fdbffc43a3f3d46588c264ac4f024f63f01283becfbb/tomli-2.2.1-cp311-cp311-macosx_11_0_arm64.whl", hash = "sha256:023aa114dd824ade0100497eb2318602af309e5a55595f76b626d6d9f3b7b0a6", size = 123429, upload_time = "2024-11-27T22:37:56.698Z" },
    { url = "https://files.pythonhosted.org/packages/f1/dd/4f6cd1e7b160041db83c694abc78e100473c15d54620083dbd5aae7b990e/tomli-2.2.1-cp311-cp311-manylinux_2_17_aarch64.manylinux2014_aarch64.whl", hash = "sha256:ece47d672db52ac607a3d9599a9d48dcb2f2f735c6c2d1f34130085bb12b112a", size = 226067, upload_time = "2024-11-27T22:37:57.63Z" },
    { url = "https://files.pythonhosted.org/packages/a9/6b/c54ede5dc70d648cc6361eaf429304b02f2871a345bbdd51e993d6cdf550/tomli-2.2.1-cp311-cp311-manylinux_2_17_x86_64.manylinux2014_x86_64.whl", hash = "sha256:6972ca9c9cc9f0acaa56a8ca1ff51e7af152a9f87fb64623e31d5c83700080ee", size = 236030, upload_time = "2024-11-27T22:37:59.344Z" },
    { url = "https://files.pythonhosted.org/packages/1f/47/999514fa49cfaf7a92c805a86c3c43f4215621855d151b61c602abb38091/tomli-2.2.1-cp311-cp311-manylinux_2_5_i686.manylinux1_i686.manylinux_2_17_i686.manylinux2014_i686.whl", hash = "sha256:c954d2250168d28797dd4e3ac5cf812a406cd5a92674ee4c8f123c889786aa8e", size = 240898, upload_time = "2024-11-27T22:38:00.429Z" },
    { url = "https://files.pythonhosted.org/packages/73/41/0a01279a7ae09ee1573b423318e7934674ce06eb33f50936655071d81a24/tomli-2.2.1-cp311-cp311-musllinux_1_2_aarch64.whl", hash = "sha256:8dd28b3e155b80f4d54beb40a441d366adcfe740969820caf156c019fb5c7ec4", size = 229894, upload_time = "2024-11-27T22:38:02.094Z" },
    { url = "https://files.pythonhosted.org/packages/55/18/5d8bc5b0a0362311ce4d18830a5d28943667599a60d20118074ea1b01bb7/tomli-2.2.1-cp311-cp311-musllinux_1_2_i686.whl", hash = "sha256:e59e304978767a54663af13c07b3d1af22ddee3bb2fb0618ca1593e4f593a106", size = 245319, upload_time = "2024-11-27T22:38:03.206Z" },
    { url = "https://files.pythonhosted.org/packages/92/a3/7ade0576d17f3cdf5ff44d61390d4b3febb8a9fc2b480c75c47ea048c646/tomli-2.2.1-cp311-cp311-musllinux_1_2_x86_64.whl", hash = "sha256:33580bccab0338d00994d7f16f4c4ec25b776af3ffaac1ed74e0b3fc95e885a8", size = 238273, upload_time = "2024-11-27T22:38:04.217Z" },
    { url = "https://files.pythonhosted.org/packages/72/6f/fa64ef058ac1446a1e51110c375339b3ec6be245af9d14c87c4a6412dd32/tomli-2.2.1-cp311-cp311-win32.whl", hash = "sha256:465af0e0875402f1d226519c9904f37254b3045fc5084697cefb9bdde1ff99ff", size = 98310, upload_time = "2024-11-27T22:38:05.908Z" },
    { url = "https://files.pythonhosted.org/packages/6a/1c/4a2dcde4a51b81be3530565e92eda625d94dafb46dbeb15069df4caffc34/tomli-2.2.1-cp311-cp311-win_amd64.whl", hash = "sha256:2d0f2fdd22b02c6d81637a3c95f8cd77f995846af7414c5c4b8d0545afa1bc4b", size = 108309, upload_time = "2024-11-27T22:38:06.812Z" },
    { url = "https://files.pythonhosted.org/packages/52/e1/f8af4c2fcde17500422858155aeb0d7e93477a0d59a98e56cbfe75070fd0/tomli-2.2.1-cp312-cp312-macosx_10_13_x86_64.whl", hash = "sha256:4a8f6e44de52d5e6c657c9fe83b562f5f4256d8ebbfe4ff922c495620a7f6cea", size = 132762, upload_time = "2024-11-27T22:38:07.731Z" },
    { url = "https://files.pythonhosted.org/packages/03/b8/152c68bb84fc00396b83e7bbddd5ec0bd3dd409db4195e2a9b3e398ad2e3/tomli-2.2.1-cp312-cp312-macosx_11_0_arm64.whl", hash = "sha256:8d57ca8095a641b8237d5b079147646153d22552f1c637fd3ba7f4b0b29167a8", size = 123453, upload_time = "2024-11-27T22:38:09.384Z" },
    { url = "https://files.pythonhosted.org/packages/c8/d6/fc9267af9166f79ac528ff7e8c55c8181ded34eb4b0e93daa767b8841573/tomli-2.2.1-cp312-cp312-manylinux_2_17_aarch64.manylinux2014_aarch64.whl", hash = "sha256:4e340144ad7ae1533cb897d406382b4b6fede8890a03738ff1683af800d54192", size = 233486, upload_time = "2024-11-27T22:38:10.329Z" },
    { url = "https://files.pythonhosted.org/packages/5c/51/51c3f2884d7bab89af25f678447ea7d297b53b5a3b5730a7cb2ef6069f07/tomli-2.2.1-cp312-cp312-manylinux_2_17_x86_64.manylinux2014_x86_64.whl", hash = "sha256:db2b95f9de79181805df90bedc5a5ab4c165e6ec3fe99f970d0e302f384ad222", size = 242349, upload_time = "2024-11-27T22:38:11.443Z" },
    { url = "https://files.pythonhosted.org/packages/ab/df/bfa89627d13a5cc22402e441e8a931ef2108403db390ff3345c05253935e/tomli-2.2.1-cp312-cp312-manylinux_2_5_i686.manylinux1_i686.manylinux_2_17_i686.manylinux2014_i686.whl", hash = "sha256:40741994320b232529c802f8bc86da4e1aa9f413db394617b9a256ae0f9a7f77", size = 252159, upload_time = "2024-11-27T22:38:13.099Z" },
    { url = "https://files.pythonhosted.org/packages/9e/6e/fa2b916dced65763a5168c6ccb91066f7639bdc88b48adda990db10c8c0b/tomli-2.2.1-cp312-cp312-musllinux_1_2_aarch64.whl", hash = "sha256:400e720fe168c0f8521520190686ef8ef033fb19fc493da09779e592861b78c6", size = 237243, upload_time = "2024-11-27T22:38:14.766Z" },
    { url = "https://files.pythonhosted.org/packages/b4/04/885d3b1f650e1153cbb93a6a9782c58a972b94ea4483ae4ac5cedd5e4a09/tomli-2.2.1-cp312-cp312-musllinux_1_2_i686.whl", hash = "sha256:02abe224de6ae62c19f090f68da4e27b10af2b93213d36cf44e6e1c5abd19fdd", size = 259645, upload_time = "2024-11-27T22:38:15.843Z" },
    { url = "https://files.pythonhosted.org/packages/9c/de/6b432d66e986e501586da298e28ebeefd3edc2c780f3ad73d22566034239/tomli-2.2.1-cp312-cp312-musllinux_1_2_x86_64.whl", hash = "sha256:b82ebccc8c8a36f2094e969560a1b836758481f3dc360ce9a3277c65f374285e", size = 244584, upload_time = "2024-11-27T22:38:17.645Z" },
    { url = "https://files.pythonhosted.org/packages/1c/9a/47c0449b98e6e7d1be6cbac02f93dd79003234ddc4aaab6ba07a9a7482e2/tomli-2.2.1-cp312-cp312-win32.whl", hash = "sha256:889f80ef92701b9dbb224e49ec87c645ce5df3fa2cc548664eb8a25e03127a98", size = 98875, upload_time = "2024-11-27T22:38:19.159Z" },
    { url = "https://files.pythonhosted.org/packages/ef/60/9b9638f081c6f1261e2688bd487625cd1e660d0a85bd469e91d8db969734/tomli-2.2.1-cp312-cp312-win_amd64.whl", hash = "sha256:7fc04e92e1d624a4a63c76474610238576942d6b8950a2d7f908a340494e67e4", size = 109418, upload_time = "2024-11-27T22:38:20.064Z" },
    { url = "https://files.pythonhosted.org/packages/04/90/2ee5f2e0362cb8a0b6499dc44f4d7d48f8fff06d28ba46e6f1eaa61a1388/tomli-2.2.1-cp313-cp313-macosx_10_13_x86_64.whl", hash = "sha256:f4039b9cbc3048b2416cc57ab3bda989a6fcf9b36cf8937f01a6e731b64f80d7", size = 132708, upload_time = "2024-11-27T22:38:21.659Z" },
    { url = "https://files.pythonhosted.org/packages/c0/ec/46b4108816de6b385141f082ba99e315501ccd0a2ea23db4a100dd3990ea/tomli-2.2.1-cp313-cp313-macosx_11_0_arm64.whl", hash = "sha256:286f0ca2ffeeb5b9bd4fcc8d6c330534323ec51b2f52da063b11c502da16f30c", size = 123582, upload_time = "2024-11-27T22:38:22.693Z" },
    { url = "https://files.pythonhosted.org/packages/a0/bd/b470466d0137b37b68d24556c38a0cc819e8febe392d5b199dcd7f578365/tomli-2.2.1-cp313-cp313-manylinux_2_17_aarch64.manylinux2014_aarch64.whl", hash = "sha256:a92ef1a44547e894e2a17d24e7557a5e85a9e1d0048b0b5e7541f76c5032cb13", size = 232543, upload_time = "2024-11-27T22:38:24.367Z" },
    { url = "https://files.pythonhosted.org/packages/d9/e5/82e80ff3b751373f7cead2815bcbe2d51c895b3c990686741a8e56ec42ab/tomli-2.2.1-cp313-cp313-manylinux_2_17_x86_64.manylinux2014_x86_64.whl", hash = "sha256:9316dc65bed1684c9a98ee68759ceaed29d229e985297003e494aa825ebb0281", size = 241691, upload_time = "2024-11-27T22:38:26.081Z" },
    { url = "https://files.pythonhosted.org/packages/05/7e/2a110bc2713557d6a1bfb06af23dd01e7dde52b6ee7dadc589868f9abfac/tomli-2.2.1-cp313-cp313-manylinux_2_5_i686.manylinux1_i686.manylinux_2_17_i686.manylinux2014_i686.whl", hash = "sha256:e85e99945e688e32d5a35c1ff38ed0b3f41f43fad8df0bdf79f72b2ba7bc5272", size = 251170, upload_time = "2024-11-27T22:38:27.921Z" },
    { url = "https://files.pythonhosted.org/packages/64/7b/22d713946efe00e0adbcdfd6d1aa119ae03fd0b60ebed51ebb3fa9f5a2e5/tomli-2.2.1-cp313-cp313-musllinux_1_2_aarch64.whl", hash = "sha256:ac065718db92ca818f8d6141b5f66369833d4a80a9d74435a268c52bdfa73140", size = 236530, upload_time = "2024-11-27T22:38:29.591Z" },
    { url = "https://files.pythonhosted.org/packages/38/31/3a76f67da4b0cf37b742ca76beaf819dca0ebef26d78fc794a576e08accf/tomli-2.2.1-cp313-cp313-musllinux_1_2_i686.whl", hash = "sha256:d920f33822747519673ee656a4b6ac33e382eca9d331c87770faa3eef562aeb2", size = 258666, upload_time = "2024-11-27T22:38:30.639Z" },
    { url = "https://files.pythonhosted.org/packages/07/10/5af1293da642aded87e8a988753945d0cf7e00a9452d3911dd3bb354c9e2/tomli-2.2.1-cp313-cp313-musllinux_1_2_x86_64.whl", hash = "sha256:a198f10c4d1b1375d7687bc25294306e551bf1abfa4eace6650070a5c1ae2744", size = 243954, upload_time = "2024-11-27T22:38:31.702Z" },
    { url = "https://files.pythonhosted.org/packages/5b/b9/1ed31d167be802da0fc95020d04cd27b7d7065cc6fbefdd2f9186f60d7bd/tomli-2.2.1-cp313-cp313-win32.whl", hash = "sha256:d3f5614314d758649ab2ab3a62d4f2004c825922f9e370b29416484086b264ec", size = 98724, upload_time = "2024-11-27T22:38:32.837Z" },
    { url = "https://files.pythonhosted.org/packages/c7/32/b0963458706accd9afcfeb867c0f9175a741bf7b19cd424230714d722198/tomli-2.2.1-cp313-cp313-win_amd64.whl", hash = "sha256:a38aa0308e754b0e3c67e344754dff64999ff9b513e691d0e786265c93583c69", size = 109383, upload_time = "2024-11-27T22:38:34.455Z" },
    { url = "https://files.pythonhosted.org/packages/6e/c2/61d3e0f47e2b74ef40a68b9e6ad5984f6241a942f7cd3bbfbdbd03861ea9/tomli-2.2.1-py3-none-any.whl", hash = "sha256:cb55c73c5f4408779d0cf3eef9f762b9c9f147a77de7b258bef0a5628adc85cc", size = 14257, upload_time = "2024-11-27T22:38:35.385Z" },
]

[[package]]
name = "typing-extensions"
version = "4.13.2"
source = { registry = "https://pypi.org/simple" }
sdist = { url = "https://files.pythonhosted.org/packages/f6/37/23083fcd6e35492953e8d2aaaa68b860eb422b34627b13f2ce3eb6106061/typing_extensions-4.13.2.tar.gz", hash = "sha256:e6c81219bd689f51865d9e372991c540bda33a0379d5573cddb9a3a23f7caaef", size = 106967, upload_time = "2025-04-10T14:19:05.416Z" }
wheels = [
    { url = "https://files.pythonhosted.org/packages/8b/54/b1ae86c0973cc6f0210b53d508ca3641fb6d0c56823f288d108bc7ab3cc8/typing_extensions-4.13.2-py3-none-any.whl", hash = "sha256:a439e7c04b49fec3e5d3e2beaa21755cadbbdc391694e28ccdd36ca4a1408f8c", size = 45806, upload_time = "2025-04-10T14:19:03.967Z" },
]
